
Microsoft Visual Studio Solution File, Format Version 11.00
# Visual Studio 2010
Project("{FAE04EC0-301F-11D3-BF4B-00C04F79EFBC}") = "Zeiterfassung", "Zeiterfassung\Zeiterfassung.csproj", "{CEF464FA-D9E8-46BA-B3FB-35CB4C6F58F5}"
EndProject
Project("{54435603-DBB4-11D2-8724-00A0C9A8B90C}") = "Zeiterfassung Installer", "Zeiterfassung Installer\Zeiterfassung Installer.vdproj", "{F5D95EB2-39C3-4E0B-ADA5-A2E198E00804}"
EndProject
Global
	GlobalSection(SolutionConfigurationPlatforms) = preSolution
		Debug|x86 = Debug|x86
		Release|x86 = Release|x86
	EndGlobalSection
	GlobalSection(ProjectConfigurationPlatforms) = postSolution
		{CEF464FA-D9E8-46BA-B3FB-35CB4C6F58F5}.Debug|x86.ActiveCfg = Debug|x86
		{CEF464FA-D9E8-46BA-B3FB-35CB4C6F58F5}.Debug|x86.Build.0 = Debug|x86
		{CEF464FA-D9E8-46BA-B3FB-35CB4C6F58F5}.Release|x86.ActiveCfg = Release|x86
		{CEF464FA-D9E8-46BA-B3FB-35CB4C6F58F5}.Release|x86.Build.0 = Release|x86
		{F5D95EB2-39C3-4E0B-ADA5-A2E198E00804}.Debug|x86.ActiveCfg = Debug
		{F5D95EB2-39C3-4E0B-ADA5-A2E198E00804}.Release|x86.ActiveCfg = Release
	EndGlobalSection
	GlobalSection(SolutionProperties) = preSolution
		HideSolutionNode = FALSE
	EndGlobalSection
EndGlobal
